
Microsoft Visual Studio Solution File, Format Version 12.00
# Visual Studio 15
Project("{FAE04EC0-301F-11D3-BF4B-00C04F79EFBC}") = "Assembly-CSharp", "Assembly-CSharp.csproj", "{9407F62D-579A-2E08-9DBD-E0A4BE2A457D}"
EndProject
Project("{FAE04EC0-301F-11D3-BF4B-00C04F79EFBC}") = "Assembly-CSharp-Editor", "Assembly-CSharp-Editor.csproj", "{FC63C5C0-300A-FE21-A4AC-84FD73F649E3}"
EndProject
Global
	GlobalSection(SolutionConfigurationPlatforms) = preSolution
		Debug|Any CPU = Debug|Any CPU
		Release|Any CPU = Release|Any CPU
	EndGlobalSection
	GlobalSection(ProjectConfigurationPlatforms) = postSolution
		{9407F62D-579A-2E08-9DBD-E0A4BE2A457D}.Debug|Any CPU.ActiveCfg = Debug|Any CPU
		{9407F62D-579A-2E08-9DBD-E0A4BE2A457D}.Debug|Any CPU.Build.0 = Debug|Any CPU
		{9407F62D-579A-2E08-9DBD-E0A4BE2A457D}.Release|Any CPU.ActiveCfg = Release|Any CPU
		{9407F62D-579A-2E08-9DBD-E0A4BE2A457D}.Release|Any CPU.Build.0 = Release|Any CPU
		{FC63C5C0-300A-FE21-A4AC-84FD73F649E3}.Debug|Any CPU.ActiveCfg = Debug|Any CPU
		{FC63C5C0-300A-FE21-A4AC-84FD73F649E3}.Debug|Any CPU.Build.0 = Debug|Any CPU
		{FC63C5C0-300A-FE21-A4AC-84FD73F649E3}.Release|Any CPU.ActiveCfg = Release|Any CPU
		{FC63C5C0-300A-FE21-A4AC-84FD73F649E3}.Release|Any CPU.Build.0 = Release|Any CPU
	EndGlobalSection
	GlobalSection(SolutionProperties) = preSolution
		HideSolutionNode = FALSE
	EndGlobalSection
EndGlobal
